# THIS IS AN AUTOGENERATED FILE. DO NOT EDIT THIS FILE DIRECTLY.
# yarn lockfile v1


"@next/env@12.0.9":
  version "12.0.9"
  resolved "https://registry.npmjs.org/@next/env/-/env-12.0.9.tgz"
  integrity sha512-oBlkyDop0Stf7MPIzETGv5r0YT/G/weBrknoPOUTaa5qwOeGjuy6gsOVc/SBtrBkOoBmRpD+fFhQJPvmo1mS+g==

"@next/swc-android-arm64@12.0.9":
  version "12.0.9"
  resolved "https://registry.yarnpkg.com/@next/swc-android-arm64/-/swc-android-arm64-12.0.9.tgz#2cdbcc1814471044ea0e057b475090d25654833c"
  integrity sha512-aVqgsEn5plmUH2X58sjzhHsH/6majucWTMaaBEs7hHO2+GCwCZc7zaLH4XCBMKPES9Yaja8/pYUbvZQE9DqgFw==

"@next/swc-darwin-arm64@12.0.9":
  version "12.0.9"
  resolved "https://registry.yarnpkg.com/@next/swc-darwin-arm64/-/swc-darwin-arm64-12.0.9.tgz#ea200929d7116de12c6f3b13ff75f9522c2153e3"
  integrity sha512-uAgRKm4a2nVdyBiPPJokvmDD1saugOvxljz9ld2ih0CCg5S9vBhqaj3kPGCQBj9hSu3q+Lng2CHnQqG3ga1jzA==

"@next/swc-darwin-x64@12.0.9":
  version "12.0.9"
  resolved "https://registry.npmjs.org/@next/swc-darwin-x64/-/swc-darwin-x64-12.0.9.tgz"
  integrity sha512-fDOs2lZIyrAdU18IxMA5orBPn9qLbOdu55gXSTNZOhyRJ8ugtbUAejsK7OL0boJy0CCHPAdVRXm01Mwk8tZ9RQ==

"@next/swc-linux-arm-gnueabihf@12.0.9":
  version "12.0.9"
  resolved "https://registry.yarnpkg.com/@next/swc-linux-arm-gnueabihf/-/swc-linux-arm-gnueabihf-12.0.9.tgz#da012dfb69ad2abc3d4045395581b650048bdd7c"
  integrity sha512-/ni0p9DBvATUML9RQ1ycQuf05uOYKdzA6iI8+eRsARjpGbFVUFbge7XPzlj9g2Q9YWgoN8CSjFGnKRlyky5uHA==

"@next/swc-linux-arm64-gnu@12.0.9":
  version "12.0.9"
  resolved "https://registry.yarnpkg.com/@next/swc-linux-arm64-gnu/-/swc-linux-arm64-gnu-12.0.9.tgz#fe704c0a1cb048ef19d4a24b2c990574c96c933b"
  integrity sha512-AphxilJDf95rUxJDHgM9Ww1DaYXZWqTvoKwXeej/0SgSvICcRZrLaFDrkojdXz0Rxr4igX2OdYR1S4/Hj1jWOQ==

"@next/swc-linux-arm64-musl@12.0.9":
  version "12.0.9"
  resolved "https://registry.yarnpkg.com/@next/swc-linux-arm64-musl/-/swc-linux-arm64-musl-12.0.9.tgz#b2bb68940903cd64f7875979ed9907e946dc4f3e"
  integrity sha512-K5jbvNNzF3mRjWmPdxP5Bg87i7FHivfBj/L0KJlxpkLSC8sffBJDmB6jtMnI7wiPj9J6vmLkbGtSosln78xAlQ==

"@next/swc-linux-x64-gnu@12.0.9":
  version "12.0.9"
  resolved "https://registry.yarnpkg.com/@next/swc-linux-x64-gnu/-/swc-linux-x64-gnu-12.0.9.tgz#b700ba095551d4f6e830b92d4593a3b6e73bba82"
  integrity sha512-bJZ9bkMkQzsY+UyWezEZ77GWQ4TzwKeXdayX3U3+aEkL8k5C6eKBXlidWdrhu0teLmaUXIyWerWrLnJzwGXdfw==

"@next/swc-linux-x64-musl@12.0.9":
  version "12.0.9"
  resolved "https://registry.yarnpkg.com/@next/swc-linux-x64-musl/-/swc-linux-x64-musl-12.0.9.tgz#678460266f544b52f1190ef0c3494e436608591e"
  integrity sha512-SR9p0R+v1T32DTXPVAXZw31pmJAkSDotC6Afy+mfC0xrEL3pp95R8sGXYAAUCEPkQp0MEeUOVy2LrToe92X7hQ==

"@next/swc-win32-arm64-msvc@12.0.9":
  version "12.0.9"
  resolved "https://registry.yarnpkg.com/@next/swc-win32-arm64-msvc/-/swc-win32-arm64-msvc-12.0.9.tgz#f70e5bd0821ca168aeef117e51ab870265ceeeb1"
  integrity sha512-mzQ1A8vfHhJrvEy5KJZGZWEByXthyKfWofvFaf+oo/5nJl/0Bz1ODP2ajSmbLG++77Eo2AROgbm9pkW1ucvG2A==

"@next/swc-win32-ia32-msvc@12.0.9":
  version "12.0.9"
  resolved "https://registry.yarnpkg.com/@next/swc-win32-ia32-msvc/-/swc-win32-ia32-msvc-12.0.9.tgz#0b853793754642cde9f9099087d4a86b6a99a24d"
  integrity sha512-MpD2vj1zjo1u3J3wiz3pEKse19Etz+P0GL6XfQkB/9a84vJQ1JWMaWBjmIdivzZv718Il2pRSSx8hymwPfguYQ==

"@next/swc-win32-x64-msvc@12.0.9":
  version "12.0.9"
  resolved "https://registry.yarnpkg.com/@next/swc-win32-x64-msvc/-/swc-win32-x64-msvc-12.0.9.tgz#f7d3b59000082cf65c84fdc61930b708aa5446e5"
  integrity sha512-1c/sxp/4Qz4F6rCxiYqAnrmghCOFt5hHZ9Kd+rXFW5Mqev4C4XDOUMHdBH55HgnJZqngYhOE0r/XNkCtsIojig==

"@panva/asn1.js@^1.0.0":
  version "1.0.0"
  resolved "https://registry.npmjs.org/@panva/asn1.js/-/asn1.js-1.0.0.tgz"
  integrity sha512-UdkG3mLEqXgnlKsWanWcgb6dOjUzJ+XC5f+aWw30qrtjxeNUSfKX1cd5FBzOaXQumoe9nIqeZUvrRJS03HCCtw==

"@prisma/client@3.8.1":
  version "3.8.1"
  resolved "https://registry.yarnpkg.com/@prisma/client/-/client-3.8.1.tgz#c11eda8e84760867552ffde4de7b48fb2cf1e1c0"
  integrity sha512-NxD1Xbkx1eT1mxSwo1RwZe665mqBETs0VxohuwNfFIxMqcp0g6d4TgugPxwZ4Jb4e5wCu8mQ9quMedhNWIWcZQ==
  dependencies:
    "@prisma/engines-version" "3.8.0-43.34df67547cf5598f5a6cd3eb45f14ee70c3fb86f"

"@prisma/engines-version@3.8.0-43.34df67547cf5598f5a6cd3eb45f14ee70c3fb86f":
  version "3.8.0-43.34df67547cf5598f5a6cd3eb45f14ee70c3fb86f"
  resolved "https://registry.yarnpkg.com/@prisma/engines-version/-/engines-version-3.8.0-43.34df67547cf5598f5a6cd3eb45f14ee70c3fb86f.tgz#4c8d9744b5e54650a8ba5fde0a711399d6adba24"
  integrity sha512-G2JH6yWt6ixGKmsRmVgaQYahfwMopim0u/XLIZUo2o/mZ5jdu7+BL+2V5lZr7XiG1axhyrpvlyqE/c0OgYSl3g==

"@prisma/engines@3.8.0-43.34df67547cf5598f5a6cd3eb45f14ee70c3fb86f":
  version "3.8.0-43.34df67547cf5598f5a6cd3eb45f14ee70c3fb86f"
  resolved "https://registry.npmjs.org/@prisma/engines/-/engines-3.8.0-43.34df67547cf5598f5a6cd3eb45f14ee70c3fb86f.tgz"
  integrity sha512-bHYubuItSN/DGYo36aDu7xJiJmK52JOSHs4MK+KbceAtwS20BCWadRgtpQ3iZ2EXfN/B1T0iCXlNraaNwnpU2w==

"@sqltools/formatter@1.2.2":
  version "1.2.2"
  resolved "https://registry.npmjs.org/@sqltools/formatter/-/formatter-1.2.2.tgz"
  integrity sha512-/5O7Fq6Vnv8L6ucmPjaWbVG1XkP4FO+w5glqfkIsq3Xw4oyNAdJddbnYodNDAfjVUvo/rrSCTom4kAND7T1o5Q==

"@types/mdast@^3.0.0", "@types/mdast@^3.0.3":
  version "3.0.3"
  resolved "https://registry.npmjs.org/@types/mdast/-/mdast-3.0.3.tgz"
  integrity sha512-SXPBMnFVQg1s00dlMCc/jCdvPqdE4mXaMMCeRlxLDmTAEoegHT53xKtkDnzDTOcmMHUfcjyf36/YYZ6SxRdnsw==
  dependencies:
    "@types/unist" "*"

"@types/next-auth@3.1.14":
  version "3.1.14"
  resolved "https://registry.npmjs.org/@types/next-auth/-/next-auth-3.1.14.tgz"
  integrity sha512-XL70zlxHCmhAkHg4P6lE+gf9WUeM65UZsjwGUDGDPNQTrB3euwm7Z25WlLxG0Z0rsdZmBsXw5kiS+dmuZ/xqlA==
  dependencies:
    "@types/node" "*"
    "@types/react" "*"
    jose "^1.28.0"
    typeorm "^0.2.24"

"@types/node@*", "@types/node@14.14.6":
  version "14.14.6"
  resolved "https://registry.npmjs.org/@types/node/-/node-14.14.6.tgz"
  integrity sha512-6QlRuqsQ/Ox/aJEQWBEJG7A9+u7oSYl3mem/K8IzxXG/kAGbV1YPD9Bg9Zw3vyxC/YP+zONKwy8hGkSt1jxFMw==

"@types/prop-types@*":
  version "15.7.3"
  resolved "https://registry.npmjs.org/@types/prop-types/-/prop-types-15.7.3.tgz"
  integrity sha512-KfRL3PuHmqQLOG+2tGpRO26Ctg+Cq1E01D2DMriKEATHgWLfeNDmq9e29Q9WIky0dQ3NPkd1mzYH8Lm936Z9qw==

"@types/react@*", "@types/react@16.9.56":
  version "16.9.56"
  resolved "https://registry.npmjs.org/@types/react/-/react-16.9.56.tgz"
  integrity sha512-gIkl4J44G/qxbuC6r2Xh+D3CGZpJ+NdWTItAPmZbR5mUS+JQ8Zvzpl0ea5qT/ZT3ZNTUcDKUVqV3xBE8wv/DyQ==
  dependencies:
    "@types/prop-types" "*"
    csstype "^3.0.2"

"@types/unist@*", "@types/unist@^2.0.0", "@types/unist@^2.0.2", "@types/unist@^2.0.3":
  version "2.0.3"
  resolved "https://registry.npmjs.org/@types/unist/-/unist-2.0.3.tgz"
  integrity sha512-FvUupuM3rlRsRtCN+fDudtmytGO6iHJuuRKS1Ss0pG5z8oX0diNEw94UEL7hgDbpN94rgaK5R7sWm6RrSkZuAQ==

ansi-regex@^2.0.0:
  version "2.1.1"
  resolved "https://registry.npmjs.org/ansi-regex/-/ansi-regex-2.1.1.tgz"
  integrity sha1-w7M6te42DYbg5ijwRorn7yfWVN8=

ansi-regex@^5.0.0:
  version "5.0.0"
  resolved "https://registry.npmjs.org/ansi-regex/-/ansi-regex-5.0.0.tgz"
  integrity sha512-bY6fj56OUQ0hU1KjFNDQuJFezqKdrAyFdIevADiqrWHwSlbmBNMHp5ak2f40Pm8JTFyM2mqxkG6ngkHO11f/lg==

ansi-styles@^2.2.1:
  version "2.2.1"
  resolved "https://registry.npmjs.org/ansi-styles/-/ansi-styles-2.2.1.tgz"
  integrity sha1-tDLdM1i2NM914eRmQ2gkBTPB3b4=

ansi-styles@^4.0.0, ansi-styles@^4.1.0:
  version "4.3.0"
  resolved "https://registry.npmjs.org/ansi-styles/-/ansi-styles-4.3.0.tgz"
  integrity sha512-zbB9rCJAT1rbjiVDb2hqKFHNYLxgtk8NURxZ3IZwD3F6NtxbXZQCnnSi1Lkx+IDohdPlFp222wVALIheZJQSEg==
  dependencies:
    color-convert "^2.0.1"

any-promise@^1.0.0:
  version "1.3.0"
  resolved "https://registry.npmjs.org/any-promise/-/any-promise-1.3.0.tgz"
  integrity sha1-q8av7tzqUugJzcA3au0845Y10X8=

app-root-path@^3.0.0:
  version "3.0.0"
  resolved "https://registry.npmjs.org/app-root-path/-/app-root-path-3.0.0.tgz"
  integrity sha512-qMcx+Gy2UZynHjOHOIXPNvpf+9cjvk3cWrBBK7zg4gH9+clobJRb9NGzcT7mQTcV/6Gm/1WelUtqxVXnNlrwcw==

argparse@^1.0.7:
  version "1.0.10"
  resolved "https://registry.npmjs.org/argparse/-/argparse-1.0.10.tgz"
  integrity sha512-o5Roy6tNG4SL/FOkCAN6RzjiakZS25RLYFrcMttJqbdd8BWrnA+fGz57iN5Pb06pvBGvl5gQ0B48dJlslXvoTg==
  dependencies:
    sprintf-js "~1.0.2"

bail@^1.0.0:
  version "1.0.5"
  resolved "https://registry.npmjs.org/bail/-/bail-1.0.5.tgz"
  integrity sha512-xFbRxM1tahm08yHBP16MMjVUAvDaBMD38zsM9EMAUN61omwLmKlOpB/Zku5QkjZ8TZ4vn53pj+t518cH0S03RQ==

balanced-match@^1.0.0:
  version "1.0.0"
  resolved "https://registry.npmjs.org/balanced-match/-/balanced-match-1.0.0.tgz"
  integrity sha1-ibTRmasr7kneFk6gK4nORi1xt2c=

base64-js@^1.0.2:
  version "1.3.1"
  resolved "https://registry.npmjs.org/base64-js/-/base64-js-1.3.1.tgz"
  integrity sha512-mLQ4i2QO1ytvGWFWmcngKO//JXAQueZvwEKtjgQFM4jIK0kU+ytMfplL8j+n5mspOfjHwoAg+9yhb7BwAHm36g==

brace-expansion@^1.1.7:
  version "1.1.11"
  resolved "https://registry.npmjs.org/brace-expansion/-/brace-expansion-1.1.11.tgz"
  integrity sha512-iCuPHDFgrHX7H2vEI/5xpz07zSHB00TpugqhmYtVmMO6518mCuRMoOYFldEBl0g187ufozdaHgWKcYFb61qGiA==
  dependencies:
    balanced-match "^1.0.0"
    concat-map "0.0.1"

buffer@^5.5.0:
  version "5.6.0"
  resolved "https://registry.npmjs.org/buffer/-/buffer-5.6.0.tgz"
  integrity sha512-/gDYp/UtU0eA1ys8bOs9J6a+E/KWIY+DZ+Q2WESNUA0jFRsJOc0SNUO6xJ5SGA1xueg3NL65W6s+NY5l9cunuw==
  dependencies:
    base64-js "^1.0.2"
    ieee754 "^1.1.4"

camelcase@^5.0.0:
  version "5.3.1"
  resolved "https://registry.npmjs.org/camelcase/-/camelcase-5.3.1.tgz"
  integrity sha512-L28STB170nwWS63UjtlEOE3dldQApaJXZkOI1uMFfzf3rRuPegHaHesyee+YxQ+W6SvRDQV6UrdOdRiR153wJg==

caniuse-lite@^1.0.30001283:
  version "1.0.30001303"
  resolved "https://registry.npmjs.org/caniuse-lite/-/caniuse-lite-1.0.30001303.tgz"
  integrity sha512-/Mqc1oESndUNszJP0kx0UaQU9kEv9nNtJ7Kn8AdA0mNnH8eR1cj0kG+NbNuC1Wq/b21eA8prhKRA3bbkjONegQ==

chalk@^1.1.1:
  version "1.1.3"
  resolved "https://registry.npmjs.org/chalk/-/chalk-1.1.3.tgz"
  integrity sha1-qBFcVeSnAv5NFQq9OHKCKn4J/Jg=
  dependencies:
    ansi-styles "^2.2.1"
    escape-string-regexp "^1.0.2"
    has-ansi "^2.0.0"
    strip-ansi "^3.0.0"
    supports-color "^2.0.0"

chalk@^3.0.0:
  version "3.0.0"
  resolved "https://registry.npmjs.org/chalk/-/chalk-3.0.0.tgz"
  integrity sha512-4D3B6Wf41KOYRFdszmDqMCGq5VV/uMAB273JILmO+3jAlh8X4qDtdtgCR3fxtbLEMzSx22QdhnDcJvu2u1fVwg==
  dependencies:
    ansi-styles "^4.1.0"
    supports-color "^7.1.0"

chalk@^4.1.0:
  version "4.1.0"
  resolved "https://registry.npmjs.org/chalk/-/chalk-4.1.0.tgz"
  integrity sha512-qwx12AxXe2Q5xQ43Ac//I6v5aXTipYrSESdOgzrN+9XjgEpyjpKuvSGaN4qE93f7TQTlerQQ8S+EQ0EyDoVL1A==
  dependencies:
    ansi-styles "^4.1.0"
    supports-color "^7.1.0"

character-entities-legacy@^1.0.0:
  version "1.1.4"
  resolved "https://registry.npmjs.org/character-entities-legacy/-/character-entities-legacy-1.1.4.tgz"
  integrity sha512-3Xnr+7ZFS1uxeiUDvV02wQ+QDbc55o97tIV5zHScSPJpcLm/r0DFPcoY3tYRp+VZukxuMeKgXYmsXQHO05zQeA==

character-entities@^1.0.0:
  version "1.2.4"
  resolved "https://registry.npmjs.org/character-entities/-/character-entities-1.2.4.tgz"
  integrity sha512-iBMyeEHxfVnIakwOuDXpVkc54HijNgCyQB2w0VfGQThle6NXn50zU6V/u+LDhxHcDUPojn6Kpga3PTAD8W1bQw==

character-reference-invalid@^1.0.0:
  version "1.1.4"
  resolved "https://registry.npmjs.org/character-reference-invalid/-/character-reference-invalid-1.1.4.tgz"
  integrity sha512-mKKUkUbhPpQlCOfIuZkvSEgktjPFIsZKRRbC6KWVEMvlzblj3i3asQv5ODsrwt0N3pHAEvjP8KTQPHkp0+6jOg==

cli-highlight@^2.1.4:
  version "2.1.4"
  resolved "https://registry.npmjs.org/cli-highlight/-/cli-highlight-2.1.4.tgz"
  integrity sha512-s7Zofobm20qriqDoU9sXptQx0t2R9PEgac92mENNm7xaEe1hn71IIMsXMK+6encA6WRCWWxIGQbipr3q998tlQ==
  dependencies:
    chalk "^3.0.0"
    highlight.js "^9.6.0"
    mz "^2.4.0"
    parse5 "^5.1.1"
    parse5-htmlparser2-tree-adapter "^5.1.1"
    yargs "^15.0.0"

cliui@^6.0.0:
  version "6.0.0"
  resolved "https://registry.npmjs.org/cliui/-/cliui-6.0.0.tgz"
  integrity sha512-t6wbgtoCXvAzst7QgXxJYqPt0usEfbgQdftEPbLL/cvv6HPE5VgvqCuAIDR0NgU52ds6rFwqrgakNLrHEjCbrQ==
  dependencies:
    string-width "^4.2.0"
    strip-ansi "^6.0.0"
    wrap-ansi "^6.2.0"

cliui@^7.0.2:
  version "7.0.4"
  resolved "https://registry.npmjs.org/cliui/-/cliui-7.0.4.tgz"
  integrity sha512-OcRE68cOsVMXp1Yvonl/fzkQOyjLSu/8bhPDfQt0e0/Eb283TKP20Fs2MqoPsr9SwA595rRCA+QMzYc9nBP+JQ==
  dependencies:
    string-width "^4.2.0"
    strip-ansi "^6.0.0"
    wrap-ansi "^7.0.0"

color-convert@^2.0.1:
  version "2.0.1"
  resolved "https://registry.npmjs.org/color-convert/-/color-convert-2.0.1.tgz"
  integrity sha512-RRECPsj7iu/xb5oKYcsFHSppFNnsj/52OVTRKb4zP5onXwVF3zVmmToNcOfGC+CRDpfK/U584fMg38ZHCaElKQ==
  dependencies:
    color-name "~1.1.4"

color-name@~1.1.4:
  version "1.1.4"
  resolved "https://registry.npmjs.org/color-name/-/color-name-1.1.4.tgz"
  integrity sha512-dOy+3AuW3a2wNbZHIuMZpTcgjGuLU/uBL/ubcZF9OXbDo8ff4O8yVp5Bf0efS8uEoYo5q4Fx7dY9OgQGXgAsQA==

concat-map@0.0.1:
  version "0.0.1"
  resolved "https://registry.npmjs.org/concat-map/-/concat-map-0.0.1.tgz"
  integrity sha1-2Klr13/Wjfd5OnMDajug1UBdR3s=

csstype@^3.0.2:
  version "3.0.4"
  resolved "https://registry.npmjs.org/csstype/-/csstype-3.0.4.tgz"
  integrity sha512-xc8DUsCLmjvCfoD7LTGE0ou2MIWLx0K9RCZwSHMOdynqRsP4MtUcLeqh1HcQ2dInwDTqn+3CE0/FZh1et+p4jA==

debug@^4.0.0, debug@^4.1.1:
  version "4.2.0"
  resolved "https://registry.npmjs.org/debug/-/debug-4.2.0.tgz"
  integrity sha512-IX2ncY78vDTjZMFUdmsvIRFY2Cf4FnD0wRs+nQwJU8Lu99/tPFdb0VybiiMTPe3I6rQmwsqQqRBvxU+bZ/I8sg==
  dependencies:
    ms "2.1.2"

decamelize@^1.2.0:
  version "1.2.0"
  resolved "https://registry.npmjs.org/decamelize/-/decamelize-1.2.0.tgz"
  integrity sha1-9lNNFRSCabIDUue+4m9QH5oZEpA=

dom-serializer@^1.0.1:
  version "1.0.1"
  resolved "https://registry.npmjs.org/dom-serializer/-/dom-serializer-1.0.1.tgz"
  integrity sha512-1Aj1Qy3YLbdslkI75QEOfdp9TkQ3o8LRISAzxOibjBs/xWwr1WxZFOQphFkZuepHFGo+kB8e5FVJSS0faAJ4Rw==
  dependencies:
    domelementtype "^2.0.1"
    domhandler "^3.0.0"
    entities "^2.0.0"

domelementtype@^2.0.1:
  version "2.0.2"
  resolved "https://registry.npmjs.org/domelementtype/-/domelementtype-2.0.2.tgz"
  integrity sha512-wFwTwCVebUrMgGeAwRL/NhZtHAUyT9n9yg4IMDwf10+6iCMxSkVq9MGCVEH+QZWo1nNidy8kNvwmv4zWHDTqvA==

domhandler@^3.0.0:
  version "3.0.0"
  resolved "https://registry.npmjs.org/domhandler/-/domhandler-3.0.0.tgz"
  integrity sha512-eKLdI5v9m67kbXQbJSNn1zjh0SDzvzWVWtX+qEI3eMjZw8daH9k8rlj1FZY9memPwjiskQFbe7vHVVJIAqoEhw==
  dependencies:
    domelementtype "^2.0.1"

domhandler@^3.3.0:
  version "3.3.0"
  resolved "https://registry.npmjs.org/domhandler/-/domhandler-3.3.0.tgz"
  integrity sha512-J1C5rIANUbuYK+FuFL98650rihynUOEzRLxW+90bKZRWB6A1X1Tf82GxR1qAWLyfNPRvjqfip3Q5tdYlmAa9lA==
  dependencies:
    domelementtype "^2.0.1"

domutils@^2.4.2:
  version "2.4.2"
  resolved "https://registry.npmjs.org/domutils/-/domutils-2.4.2.tgz"
  integrity sha512-NKbgaM8ZJOecTZsIzW5gSuplsX2IWW2mIK7xVr8hTQF2v1CJWTmLZ1HOCh5sH+IzVPAGE5IucooOkvwBRAdowA==
  dependencies:
    dom-serializer "^1.0.1"
    domelementtype "^2.0.1"
    domhandler "^3.3.0"

dotenv@^8.2.0:
  version "8.2.0"
  resolved "https://registry.npmjs.org/dotenv/-/dotenv-8.2.0.tgz"
  integrity sha512-8sJ78ElpbDJBHNeBzUbUVLsqKdccaa/BXF1uPTw3GrvQTBgrQrtObr2mUrE38vzYd8cEv+m/JBfDLioYcfXoaw==

emoji-regex@^8.0.0:
  version "8.0.0"
  resolved "https://registry.npmjs.org/emoji-regex/-/emoji-regex-8.0.0.tgz"
  integrity sha512-MSjYzcWNOA0ewAHpz0MxpYFvwg6yjy1NG3xteoqz644VCo/RPgnr1/GGt+ic3iJTzQ8Eu3TdM14SawnVUmGE6A==

entities@^2.0.0:
  version "2.1.0"
  resolved "https://registry.npmjs.org/entities/-/entities-2.1.0.tgz"
  integrity sha512-hCx1oky9PFrJ611mf0ifBLBRW8lUUVRlFolb5gWRfIELabBlbp9xZvrqZLZAs+NxFnbfQoeGd8wDkygjg7U85w==

escalade@^3.1.1:
  version "3.1.1"
  resolved "https://registry.npmjs.org/escalade/-/escalade-3.1.1.tgz"
  integrity sha512-k0er2gUkLf8O0zKJiAhmkTnJlTvINGv7ygDNPbeIsX/TJjGJZHuh9B2UxbsaEkmlEo9MfhrSzmhIlhRlI2GXnw==

escape-string-regexp@^1.0.2:
  version "1.0.5"
  resolved "https://registry.npmjs.org/escape-string-regexp/-/escape-string-regexp-1.0.5.tgz"
  integrity sha1-G2HAViGQqN/2rjuyzwIAyhMLhtQ=

esprima@^4.0.0:
  version "4.0.1"
  resolved "https://registry.npmjs.org/esprima/-/esprima-4.0.1.tgz"
  integrity sha512-eGuFFw7Upda+g4p+QHvnW0RyTX/SVeJBDM/gCtMARO0cLuT2HcEKnTPvhjV6aGeqrCB/sbNop0Kszm0jsaWU4A==

extend@^3.0.0:
  version "3.0.2"
  resolved "https://registry.npmjs.org/extend/-/extend-3.0.2.tgz"
  integrity sha512-fjquC59cD7CyW6urNXK0FBufkZcoiGG80wTuPujX590cB5Ttln20E2UB4S/WARVqhXffZl2LNgS+gQdPIIim/g==

figlet@^1.1.1:
  version "1.5.0"
  resolved "https://registry.npmjs.org/figlet/-/figlet-1.5.0.tgz"
  integrity sha512-ZQJM4aifMpz6H19AW1VqvZ7l4pOE9p7i/3LyxgO2kp+PO/VcDYNqIHEMtkccqIhTXMKci4kjueJr/iCQEaT/Ww==

find-up@^4.1.0:
  version "4.1.0"
  resolved "https://registry.npmjs.org/find-up/-/find-up-4.1.0.tgz"
  integrity sha512-PpOwAdQ/YlXQ2vj8a3h8IipDuYRi3wceVQQGYWxNINccq40Anw7BlsEXCMbt1Zt+OLA6Fq9suIpIWD0OsnISlw==
  dependencies:
    locate-path "^5.0.0"
    path-exists "^4.0.0"

fs.realpath@^1.0.0:
  version "1.0.0"
  resolved "https://registry.npmjs.org/fs.realpath/-/fs.realpath-1.0.0.tgz"
  integrity sha1-FQStJSMVjKpA20onh8sBQRmU6k8=

get-caller-file@^2.0.1, get-caller-file@^2.0.5:
  version "2.0.5"
  resolved "https://registry.npmjs.org/get-caller-file/-/get-caller-file-2.0.5.tgz"
  integrity sha512-DyFP3BM/3YHTQOCUL/w0OZHR0lpKeGrxotcHWcqNEdnltqFwXVfhEBQ94eIo34AfQpo0rGki4cyIiftY06h2Fg==

glob@^7.1.6:
  version "7.1.6"
  resolved "https://registry.npmjs.org/glob/-/glob-7.1.6.tgz"
  integrity sha512-LwaxwyZ72Lk7vZINtNNrywX0ZuLyStrdDtabefZKAY5ZGJhVtgdznluResxNmPitE0SAO+O26sWTHeKSI2wMBA==
  dependencies:
    fs.realpath "^1.0.0"
    inflight "^1.0.4"
    inherits "2"
    minimatch "^3.0.4"
    once "^1.3.0"
    path-is-absolute "^1.0.0"

has-ansi@^2.0.0:
  version "2.0.0"
  resolved "https://registry.npmjs.org/has-ansi/-/has-ansi-2.0.0.tgz"
  integrity sha1-NPUEnOHs3ysGSa8+8k5F7TVBbZE=
  dependencies:
    ansi-regex "^2.0.0"

has-flag@^4.0.0:
  version "4.0.0"
  resolved "https://registry.npmjs.org/has-flag/-/has-flag-4.0.0.tgz"
  integrity sha512-EykJT/Q1KjTWctppgIAgfSO0tKVuZUjhgMr17kqTumMl6Afv3EISleU7qZUzoXDFTAHTDC4NOoG/ZxU3EvlMPQ==

highlight.js@^9.6.0:
  version "9.18.3"
  resolved "https://registry.npmjs.org/highlight.js/-/highlight.js-9.18.3.tgz"
  integrity sha512-zBZAmhSupHIl5sITeMqIJnYCDfAEc3Gdkqj65wC1lpI468MMQeeQkhcIAvk+RylAkxrCcI9xy9piHiXeQ1BdzQ==

html-to-react@^1.3.4:
  version "1.4.5"
  resolved "https://registry.npmjs.org/html-to-react/-/html-to-react-1.4.5.tgz"
  integrity sha512-KONZUDFPg5OodWaQu2ymfkDmU0JA7zB1iPfvyHehTmMUZnk0DS7/TyCMTzsLH6b4BvxX15g88qZCXFhJWktsmA==
  dependencies:
    domhandler "^3.3.0"
    htmlparser2 "^5.0"
    lodash.camelcase "^4.3.0"
    ramda "^0.27.1"

htmlparser2@^5.0:
  version "5.0.1"
  resolved "https://registry.npmjs.org/htmlparser2/-/htmlparser2-5.0.1.tgz"
  integrity sha512-vKZZra6CSe9qsJzh0BjBGXo8dvzNsq/oGvsjfRdOrrryfeD9UOBEEQdeoqCRmKZchF5h2zOBMQ6YuQ0uRUmdbQ==
  dependencies:
    domelementtype "^2.0.1"
    domhandler "^3.3.0"
    domutils "^2.4.2"
    entities "^2.0.0"

ieee754@^1.1.4:
  version "1.2.1"
  resolved "https://registry.npmjs.org/ieee754/-/ieee754-1.2.1.tgz"
  integrity sha512-dcyqhDvX1C46lXZcVqCpK+FtMRQVdIMN6/Df5js2zouUsqG7I6sFxitIC+7KYK29KdXOLHdu9zL4sFnoVQnqaA==

inflight@^1.0.4:
  version "1.0.6"
  resolved "https://registry.npmjs.org/inflight/-/inflight-1.0.6.tgz"
  integrity sha1-Sb1jMdfQLQwJvJEKEHW6gWW1bfk=
  dependencies:
    once "^1.3.0"
    wrappy "1"

inherits@2, inherits@^2.0.1:
  version "2.0.4"
  resolved "https://registry.npmjs.org/inherits/-/inherits-2.0.4.tgz"
  integrity sha512-k/vGaX4/Yla3WzyMCvTQOXYeIHvqOKtnqBduzTHpzpQZzAskKMhZ2K+EnBiSM9zGSoIFeMpXKxa4dYeZIQqewQ==

is-alphabetical@^1.0.0:
  version "1.0.4"
  resolved "https://registry.npmjs.org/is-alphabetical/-/is-alphabetical-1.0.4.tgz"
  integrity sha512-DwzsA04LQ10FHTZuL0/grVDk4rFoVH1pjAToYwBrHSxcrBIGQuXrQMtD5U1b0U2XVgKZCTLLP8u2Qxqhy3l2Vg==

is-alphanumerical@^1.0.0:
  version "1.0.4"
  resolved "https://registry.npmjs.org/is-alphanumerical/-/is-alphanumerical-1.0.4.tgz"
  integrity sha512-UzoZUr+XfVz3t3v4KyGEniVL9BDRoQtY7tOyrRybkVNjDFWyo1yhXNGrrBTQxp3ib9BLAWs7k2YKBQsFRkZG9A==
  dependencies:
    is-alphabetical "^1.0.0"
    is-decimal "^1.0.0"

is-buffer@^2.0.0:
  version "2.0.5"
  resolved "https://registry.npmjs.org/is-buffer/-/is-buffer-2.0.5.tgz"
  integrity sha512-i2R6zNFDwgEHJyQUtJEk0XFi1i0dPFn/oqjK3/vPCcDeJvW5NQ83V8QbicfF1SupOaB0h8ntgBC2YiE7dfyctQ==

is-decimal@^1.0.0:
  version "1.0.4"
  resolved "https://registry.npmjs.org/is-decimal/-/is-decimal-1.0.4.tgz"
  integrity sha512-RGdriMmQQvZ2aqaQq3awNA6dCGtKpiDFcOzrTWrDAT2MiWrKQVPmxLGHl7Y2nNu6led0kEyoX0enY0qXYsv9zw==

is-fullwidth-code-point@^3.0.0:
  version "3.0.0"
  resolved "https://registry.npmjs.org/is-fullwidth-code-point/-/is-fullwidth-code-point-3.0.0.tgz"
  integrity sha512-zymm5+u+sCsSWyD9qNaejV3DFvhCKclKdizYaJUuHA83RLjb7nSuGnddCHGv0hk+KY7BMAlsWeK4Ueg6EV6XQg==

is-hexadecimal@^1.0.0:
  version "1.0.4"
  resolved "https://registry.npmjs.org/is-hexadecimal/-/is-hexadecimal-1.0.4.tgz"
  integrity sha512-gyPJuv83bHMpocVYoqof5VDiZveEoGoFL8m3BXNb2VW8Xs+rz9kqO8LOQ5DH6EsuvilT1ApazU0pyl+ytbPtlw==

is-plain-obj@^2.0.0:
  version "2.1.0"
  resolved "https://registry.npmjs.org/is-plain-obj/-/is-plain-obj-2.1.0.tgz"
  integrity sha512-YWnfyRwxL/+SsrWYfOpUtz5b3YD+nyfkHvjbcanzk8zgyO4ASD67uVMRt8k5bM4lLMDnXfriRhOpemw+NfT1eA==

jose@^1.28.0:
  version "1.28.0"
  resolved "https://registry.npmjs.org/jose/-/jose-1.28.0.tgz"
  integrity sha512-JmfDRzt/HSj8ipd9TsDtEHoLUnLYavG+7e8F6s1mx2jfVSfXOTaFQsJUydbjJpTnTDHP1+yKL9Ke7ktS/a0Eiw==
  dependencies:
    "@panva/asn1.js" "^1.0.0"

"js-tokens@^3.0.0 || ^4.0.0":
  version "4.0.0"
  resolved "https://registry.npmjs.org/js-tokens/-/js-tokens-4.0.0.tgz"
  integrity sha512-RdJUflcE3cUzKiMqQgsCu06FPu9UdIJO0beYbPhHN4k6apgJtifcoCtT9bcxOpYBtpD2kCM6Sbzg4CausW/PKQ==

js-yaml@^3.14.0:
  version "3.14.0"
  resolved "https://registry.npmjs.org/js-yaml/-/js-yaml-3.14.0.tgz"
  integrity sha512-/4IbIeHcD9VMHFqDR/gQ7EdZdLimOvW2DdcxFjdyyZ9NsbS+ccrXqVWDtab/lRl5AlUqmpBx8EhPaWR+OtY17A==
  dependencies:
    argparse "^1.0.7"
    esprima "^4.0.0"

locate-path@^5.0.0:
  version "5.0.0"
  resolved "https://registry.npmjs.org/locate-path/-/locate-path-5.0.0.tgz"
  integrity sha512-t7hw9pI+WvuwNJXwk5zVHpyhIqzg2qTlklJOf0mVxGSbe3Fp2VieZcduNYjaLDoy6p9uGpQEGWG87WpMKlNq8g==
  dependencies:
    p-locate "^4.1.0"

lodash.camelcase@^4.3.0:
  version "4.3.0"
  resolved "https://registry.npmjs.org/lodash.camelcase/-/lodash.camelcase-4.3.0.tgz"
  integrity sha1-soqmKIorn8ZRA1x3EfZathkDMaY=

loose-envify@^1.1.0, loose-envify@^1.4.0:
  version "1.4.0"
  resolved "https://registry.npmjs.org/loose-envify/-/loose-envify-1.4.0.tgz"
  integrity sha512-lyuxPGr/Wfhrlem2CL/UcnUc1zcqKAImBDzukY7Y5F/yQiNdko6+fRLevlw1HgMySw7f611UIY408EtxRSoK3Q==
  dependencies:
    js-tokens "^3.0.0 || ^4.0.0"

mdast-add-list-metadata@1.0.1:
  version "1.0.1"
  resolved "https://registry.npmjs.org/mdast-add-list-metadata/-/mdast-add-list-metadata-1.0.1.tgz"
  integrity sha512-fB/VP4MJ0LaRsog7hGPxgOrSL3gE/2uEdZyDuSEnKCv/8IkYHiDkIQSbChiJoHyxZZXZ9bzckyRk+vNxFzh8rA==
  dependencies:
    unist-util-visit-parents "1.1.2"

mdast-util-from-markdown@^0.8.0:
  version "0.8.1"
  resolved "https://registry.npmjs.org/mdast-util-from-markdown/-/mdast-util-from-markdown-0.8.1.tgz"
  integrity sha512-qJXNcFcuCSPqUF0Tb0uYcFDIq67qwB3sxo9RPdf9vG8T90ViKnksFqdB/Coq2a7sTnxL/Ify2y7aIQXDkQFH0w==
  dependencies:
    "@types/mdast" "^3.0.0"
    mdast-util-to-string "^1.0.0"
    micromark "~2.10.0"
    parse-entities "^2.0.0"

mdast-util-to-string@^1.0.0:
  version "1.1.0"
  resolved "https://registry.npmjs.org/mdast-util-to-string/-/mdast-util-to-string-1.1.0.tgz"
  integrity sha512-jVU0Nr2B9X3MU4tSK7JP1CMkSvOj7X5l/GboG1tKRw52lLF1x2Ju92Ms9tNetCcbfX3hzlM73zYo2NKkWSfF/A==

micromark@~2.10.0:
  version "2.10.1"
  resolved "https://registry.npmjs.org/micromark/-/micromark-2.10.1.tgz"
  integrity sha512-fUuVF8sC1X7wsCS29SYQ2ZfIZYbTymp0EYr6sab3idFjigFFjGa5UwoniPlV9tAgntjuapW1t9U+S0yDYeGKHQ==
  dependencies:
    debug "^4.0.0"
    parse-entities "^2.0.0"

minimatch@^3.0.4:
  version "3.0.4"
  resolved "https://registry.npmjs.org/minimatch/-/minimatch-3.0.4.tgz"
  integrity sha512-yJHVQEhyqPLUTgt9B83PXu6W3rx4MvvHvSUvToogpwoGDOUQ+yDrR0HRot+yOCdCO7u4hX3pWft6kWBBcqh0UA==
  dependencies:
    brace-expansion "^1.1.7"

mkdirp@^1.0.4:
  version "1.0.4"
  resolved "https://registry.npmjs.org/mkdirp/-/mkdirp-1.0.4.tgz"
  integrity sha512-vVqVZQyf3WLx2Shd0qJ9xuvqgAyKPLAiqITEtqW0oIUjzo3PePDd6fW9iFz30ef7Ysp/oiWqbhszeGWW2T6Gzw==

ms@2.1.2:
  version "2.1.2"
  resolved "https://registry.npmjs.org/ms/-/ms-2.1.2.tgz"
  integrity sha512-sGkPx+VjMtmA6MX27oA4FBFELFCZZ4S4XqeGOXCv68tT+jb3vk/RyaKWP0PTKyWtmLSM0b+adUTEvbs1PEaH2w==

mz@^2.4.0:
  version "2.7.0"
  resolved "https://registry.npmjs.org/mz/-/mz-2.7.0.tgz"
  integrity sha512-z81GNO7nnYMEhrGh9LeymoE4+Yr0Wn5McHIZMK5cfQCl+NDX08sCZgUc9/6MHni9IWuFLm1Z3HTCXu2z9fN62Q==
  dependencies:
    any-promise "^1.0.0"
    object-assign "^4.0.1"
    thenify-all "^1.0.0"

nanoid@^3.1.30:
  version "3.2.0"
  resolved "https://registry.npmjs.org/nanoid/-/nanoid-3.2.0.tgz"
  integrity sha512-fmsZYa9lpn69Ad5eDn7FMcnnSR+8R34W9qJEijxYhTbfOWzr22n1QxCMzXLK+ODyW2973V3Fux959iQoUxzUIA==

next@^12.0.9:
  version "12.0.9"
  resolved "https://registry.npmjs.org/next/-/next-12.0.9.tgz"
  integrity sha512-omfYqoR/DvbdOIJ6SS1unKJ4mGIxUPs0RPa7wr/Mft22OCKgJhuG+aI9KFYi5ZJBwoFQk1vqaMKpWz5qr+dN0Q==
  dependencies:
    "@next/env" "12.0.9"
    caniuse-lite "^1.0.30001283"
    postcss "8.4.5"
    styled-jsx "5.0.0"
    use-subscription "1.5.1"
  optionalDependencies:
    "@next/swc-android-arm64" "12.0.9"
    "@next/swc-darwin-arm64" "12.0.9"
    "@next/swc-darwin-x64" "12.0.9"
    "@next/swc-linux-arm-gnueabihf" "12.0.9"
    "@next/swc-linux-arm64-gnu" "12.0.9"
    "@next/swc-linux-arm64-musl" "12.0.9"
    "@next/swc-linux-x64-gnu" "12.0.9"
    "@next/swc-linux-x64-musl" "12.0.9"
    "@next/swc-win32-arm64-msvc" "12.0.9"
    "@next/swc-win32-ia32-msvc" "12.0.9"
    "@next/swc-win32-x64-msvc" "12.0.9"

object-assign@^4.0.1, object-assign@^4.1.1:
  version "4.1.1"
  resolved "https://registry.npmjs.org/object-assign/-/object-assign-4.1.1.tgz"
  integrity sha1-IQmtx5ZYh8/AXLvUQsrIv7s2CGM=

once@^1.3.0:
  version "1.4.0"
  resolved "https://registry.npmjs.org/once/-/once-1.4.0.tgz"
  integrity sha1-WDsap3WWHUsROsF9nFC6753Xa9E=
  dependencies:
    wrappy "1"

p-limit@^2.2.0:
  version "2.3.0"
  resolved "https://registry.npmjs.org/p-limit/-/p-limit-2.3.0.tgz"
  integrity sha512-//88mFWSJx8lxCzwdAABTJL2MyWB12+eIY7MDL2SqLmAkeKU9qxRvWuSyTjm3FUmpBEMuFfckAIqEaVGUDxb6w==
  dependencies:
    p-try "^2.0.0"

p-locate@^4.1.0:
  version "4.1.0"
  resolved "https://registry.npmjs.org/p-locate/-/p-locate-4.1.0.tgz"
  integrity sha512-R79ZZ/0wAxKGu3oYMlz8jy/kbhsNrS7SKZ7PxEHBgJ5+F2mtFW2fK2cOtBh1cHYkQsbzFV7I+EoRKe6Yt0oK7A==
  dependencies:
    p-limit "^2.2.0"

p-try@^2.0.0:
  version "2.2.0"
  resolved "https://registry.npmjs.org/p-try/-/p-try-2.2.0.tgz"
  integrity sha512-R4nPAVTAU0B9D35/Gk3uJf/7XYbQcyohSKdvAxIRSNghFl4e71hVoGnBNQz9cWaXxO2I10KTC+3jMdvvoKw6dQ==

parent-require@^1.0.0:
  version "1.0.0"
  resolved "https://registry.npmjs.org/parent-require/-/parent-require-1.0.0.tgz"
  integrity sha1-dGoWdjgIOoYLDu9nMssn7UbDKXc=

parse-entities@^2.0.0:
  version "2.0.0"
  resolved "https://registry.npmjs.org/parse-entities/-/parse-entities-2.0.0.tgz"
  integrity sha512-kkywGpCcRYhqQIchaWqZ875wzpS/bMKhz5HnN3p7wveJTkTtyAB/AlnS0f8DFSqYW1T82t6yEAkEcB+A1I3MbQ==
  dependencies:
    character-entities "^1.0.0"
    character-entities-legacy "^1.0.0"
    character-reference-invalid "^1.0.0"
    is-alphanumerical "^1.0.0"
    is-decimal "^1.0.0"
    is-hexadecimal "^1.0.0"

parse5-htmlparser2-tree-adapter@^5.1.1:
  version "5.1.1"
  resolved "https://registry.npmjs.org/parse5-htmlparser2-tree-adapter/-/parse5-htmlparser2-tree-adapter-5.1.1.tgz"
  integrity sha512-CF+TKjXqoqyDwHqBhFQ+3l5t83xYi6fVT1tQNg+Ye0JRLnTxWvIroCjEp1A0k4lneHNBGnICUf0cfYVYGEazqw==
  dependencies:
    parse5 "^5.1.1"

parse5@^5.1.1:
  version "5.1.1"
  resolved "https://registry.npmjs.org/parse5/-/parse5-5.1.1.tgz"
  integrity sha512-ugq4DFI0Ptb+WWjAdOK16+u/nHfiIrcE+sh8kZMaM0WllQKLI9rOUq6c2b7cwPkXdzfQESqvoqK6ug7U/Yyzug==

path-exists@^4.0.0:
  version "4.0.0"
  resolved "https://registry.npmjs.org/path-exists/-/path-exists-4.0.0.tgz"
  integrity sha512-ak9Qy5Q7jYb2Wwcey5Fpvg2KoAc/ZIhLSLOSBmRmygPsGwkVVt0fZa0qrtMz+m6tJTAHfZQ8FnmB4MG4LWy7/w==

path-is-absolute@^1.0.0:
  version "1.0.1"
  resolved "https://registry.npmjs.org/path-is-absolute/-/path-is-absolute-1.0.1.tgz"
  integrity sha1-F0uSaHNVNP+8es5r9TpanhtcX18=

picocolors@^1.0.0:
  version "1.0.0"
  resolved "https://registry.npmjs.org/picocolors/-/picocolors-1.0.0.tgz"
  integrity sha512-1fygroTLlHu66zi26VoTDv8yRgm0Fccecssto+MhsZ0D/DGW2sm8E8AjW7NU5VVTRt5GxbeZ5qBuJr+HyLYkjQ==

postcss@8.4.5:
  version "8.4.5"
  resolved "https://registry.npmjs.org/postcss/-/postcss-8.4.5.tgz"
  integrity sha512-jBDboWM8qpaqwkMwItqTQTiFikhs/67OYVvblFFTM7MrZjt6yMKd6r2kgXizEbTTljacm4NldIlZnhbjr84QYg==
  dependencies:
    nanoid "^3.1.30"
    picocolors "^1.0.0"
    source-map-js "^1.0.1"

prisma@^3.8.1:
  version "3.8.1"
  resolved "https://registry.npmjs.org/prisma/-/prisma-3.8.1.tgz"
  integrity sha512-Q8zHwS9m70TaD7qI8u+8hTAmiTpK+IpvRYF3Rgb/OeWGQJOMgZCFFvNCiSfoLEQ95wilK7ctW3KOpc9AuYnRUA==
  dependencies:
    "@prisma/engines" "3.8.0-43.34df67547cf5598f5a6cd3eb45f14ee70c3fb86f"

prop-types@^15.7.2:
  version "15.7.2"
  resolved "https://registry.npmjs.org/prop-types/-/prop-types-15.7.2.tgz"
  integrity sha512-8QQikdH7//R2vurIJSutZ1smHYTcLpRWEOlHnzcWHmBYrOGUysKwSsrC89BCiFj3CbrfJ/nXFdJepOVrY1GCHQ==
  dependencies:
    loose-envify "^1.4.0"
    object-assign "^4.1.1"
    react-is "^16.8.1"

ramda@^0.27.1:
  version "0.27.1"
  resolved "https://registry.npmjs.org/ramda/-/ramda-0.27.1.tgz"
  integrity sha512-PgIdVpn5y5Yns8vqb8FzBUEYn98V3xcPgawAkkgj0YJ0qDsnHCiNmZYfOGMgOvoB0eWFLpYbhxUR3mxfDIMvpw==

react-dom@^17.0.2:
  version "17.0.2"
  resolved "https://registry.npmjs.org/react-dom/-/react-dom-17.0.2.tgz"
  integrity sha512-s4h96KtLDUQlsENhMn1ar8t2bEa+q/YAtj8pPPdIjPDGBDIVNsrD9aXNWqspUe6AzKCIG0C1HZZLqLV7qpOBGA==
  dependencies:
    loose-envify "^1.1.0"
    object-assign "^4.1.1"
    scheduler "^0.20.2"

react-is@^16.8.1, react-is@^16.8.6:
  version "16.13.1"
  resolved "https://registry.npmjs.org/react-is/-/react-is-16.13.1.tgz"
  integrity sha512-24e6ynE2H+OKt4kqsOvNd8kBpV65zoxbA4BVsEOB3ARVWQki/DHzaUoC5KuON/BiccDaCCTZBuOcfZs70kR8bQ==

react-markdown@5.0.2:
  version "5.0.2"
  resolved "https://registry.npmjs.org/react-markdown/-/react-markdown-5.0.2.tgz"
  integrity sha512-kmkB4JbV7LqkDAjvaKRKtodB3n3Id76/DalaDun1U8FuLB0SenPfvH+jAQ5Pcpo54cACRQc1LB1yXmuuuIVecw==
  dependencies:
    "@types/mdast" "^3.0.3"
    "@types/unist" "^2.0.3"
    html-to-react "^1.3.4"
    mdast-add-list-metadata "1.0.1"
    prop-types "^15.7.2"
    react-is "^16.8.6"
    remark-parse "^9.0.0"
    unified "^9.0.0"
    unist-util-visit "^2.0.0"
    xtend "^4.0.1"

react@^17.0.2:
  version "17.0.2"
  resolved "https://registry.npmjs.org/react/-/react-17.0.2.tgz"
  integrity sha512-gnhPt75i/dq/z3/6q/0asP78D0u592D5L1pd7M8P+dck6Fu/jJeL6iVVK23fptSUZj8Vjf++7wXA8UNclGQcbA==
  dependencies:
    loose-envify "^1.1.0"
    object-assign "^4.1.1"

reflect-metadata@^0.1.13:
  version "0.1.13"
  resolved "https://registry.npmjs.org/reflect-metadata/-/reflect-metadata-0.1.13.tgz"
  integrity sha512-Ts1Y/anZELhSsjMcU605fU9RE4Oi3p5ORujwbIKXfWa+0Zxs510Qrmrce5/Jowq3cHSZSJqBjypxmHarc+vEWg==

remark-parse@^9.0.0:
  version "9.0.0"
  resolved "https://registry.npmjs.org/remark-parse/-/remark-parse-9.0.0.tgz"
  integrity sha512-geKatMwSzEXKHuzBNU1z676sGcDcFoChMK38TgdHJNAYfFtsfHDQG7MoJAjs6sgYMqyLduCYWDIWZIxiPeafEw==
  dependencies:
    mdast-util-from-markdown "^0.8.0"

replace-ext@1.0.0:
  version "1.0.0"
  resolved "https://registry.npmjs.org/replace-ext/-/replace-ext-1.0.0.tgz"
  integrity sha1-3mMSg3P8v3w8z6TeWkgMRaZ5WOs=

require-directory@^2.1.1:
  version "2.1.1"
  resolved "https://registry.npmjs.org/require-directory/-/require-directory-2.1.1.tgz"
  integrity sha1-jGStX9MNqxyXbiNE/+f3kqam30I=

require-main-filename@^2.0.0:
  version "2.0.0"
  resolved "https://registry.npmjs.org/require-main-filename/-/require-main-filename-2.0.0.tgz"
  integrity sha512-NKN5kMDylKuldxYLSUfrbo5Tuzh4hd+2E8NPPX02mZtn1VuREQToYe/ZdlJy+J3uCpfaiGF05e7B8W0iXbQHmg==

safe-buffer@^5.0.1:
  version "5.1.2"
  resolved "https://registry.npmjs.org/safe-buffer/-/safe-buffer-5.1.2.tgz"
  integrity sha512-Gd2UZBJDkXlY7GbJxfsE8/nvKkUEU1G38c1siN6QP6a9PT9MmHB8GnpscSmMJSoF8LOIrt8ud/wPtojys4G6+g==

sax@>=0.6.0:
  version "1.2.4"
  resolved "https://registry.npmjs.org/sax/-/sax-1.2.4.tgz"
  integrity sha512-NqVDv9TpANUjFm0N8uM5GxL36UgKi9/atZw+x7YFnQ8ckwFGKrl4xX4yWtrey3UJm5nP1kUbnYgLopqWNSRhWw==

scheduler@^0.20.2:
  version "0.20.2"
  resolved "https://registry.npmjs.org/scheduler/-/scheduler-0.20.2.tgz"
  integrity sha512-2eWfGgAqqWFGqtdMmcL5zCMK1U8KlXv8SQFGglL3CEtd0aDVDWgeF/YoCmvln55m5zSk3J/20hTaSBeSObsQDQ==
  dependencies:
    loose-envify "^1.1.0"
    object-assign "^4.1.1"

set-blocking@^2.0.0:
  version "2.0.0"
  resolved "https://registry.npmjs.org/set-blocking/-/set-blocking-2.0.0.tgz"
  integrity sha1-BF+XgtARrppoA93TgrJDkrPYkPc=

sha.js@^2.4.11:
  version "2.4.11"
  resolved "https://registry.npmjs.org/sha.js/-/sha.js-2.4.11.tgz"
  integrity sha512-QMEp5B7cftE7APOjk5Y6xgrbWu+WkLVQwk8JNjZ8nKRciZaByEW6MubieAiToS7+dwvrjGhH8jRXz3MVd0AYqQ==
  dependencies:
    inherits "^2.0.1"
    safe-buffer "^5.0.1"

source-map-js@^1.0.1:
  version "1.0.2"
  resolved "https://registry.npmjs.org/source-map-js/-/source-map-js-1.0.2.tgz"
  integrity sha512-R0XvVJ9WusLiqTCEiGCmICCMplcCkIwwR11mOSD9CR5u+IXYdiseeEuXCVAjS54zqwkLcPNnmU4OeJ6tUrWhDw==

sprintf-js@~1.0.2:
  version "1.0.3"
  resolved "https://registry.npmjs.org/sprintf-js/-/sprintf-js-1.0.3.tgz"
  integrity sha1-BOaSb2YolTVPPdAVIDYzuFcpfiw=

string-width@^4.1.0, string-width@^4.2.0:
  version "4.2.0"
  resolved "https://registry.npmjs.org/string-width/-/string-width-4.2.0.tgz"
  integrity sha512-zUz5JD+tgqtuDjMhwIg5uFVV3dtqZ9yQJlZVfq4I01/K5Paj5UHj7VyrQOJvzawSVlKpObApbfD0Ed6yJc+1eg==
  dependencies:
    emoji-regex "^8.0.0"
    is-fullwidth-code-point "^3.0.0"
    strip-ansi "^6.0.0"

strip-ansi@^3.0.0:
  version "3.0.1"
  resolved "https://registry.npmjs.org/strip-ansi/-/strip-ansi-3.0.1.tgz"
  integrity sha1-ajhfuIU9lS1f8F0Oiq+UJ43GPc8=
  dependencies:
    ansi-regex "^2.0.0"

strip-ansi@^6.0.0:
  version "6.0.0"
  resolved "https://registry.npmjs.org/strip-ansi/-/strip-ansi-6.0.0.tgz"
  integrity sha512-AuvKTrTfQNYNIctbR1K/YGTR1756GycPsg7b9bdV9Duqur4gv6aKqHXah67Z8ImS7WEz5QVcOtlfW2rZEugt6w==
  dependencies:
    ansi-regex "^5.0.0"

styled-jsx@5.0.0:
  version "5.0.0"
  resolved "https://registry.npmjs.org/styled-jsx/-/styled-jsx-5.0.0.tgz"
  integrity sha512-qUqsWoBquEdERe10EW8vLp3jT25s/ssG1/qX5gZ4wu15OZpmSMFI2v+fWlRhLfykA5rFtlJ1ME8A8pm/peV4WA==

supports-color@^2.0.0:
  version "2.0.0"
  resolved "https://registry.npmjs.org/supports-color/-/supports-color-2.0.0.tgz"
  integrity sha1-U10EXOa2Nj+kARcIRimZXp3zJMc=

supports-color@^7.1.0:
  version "7.2.0"
  resolved "https://registry.npmjs.org/supports-color/-/supports-color-7.2.0.tgz"
  integrity sha512-qpCAvRl9stuOHveKsn7HncJRvv501qIacKzQlO/+Lwxc9+0q2wLyv4Dfvt80/DPn2pqOBsJdDiogXGR9+OvwRw==
  dependencies:
    has-flag "^4.0.0"

thenify-all@^1.0.0:
  version "1.6.0"
  resolved "https://registry.npmjs.org/thenify-all/-/thenify-all-1.6.0.tgz"
  integrity sha1-GhkY1ALY/D+Y+/I02wvMjMEOlyY=
  dependencies:
    thenify ">= 3.1.0 < 4"

"thenify@>= 3.1.0 < 4":
  version "3.3.1"
  resolved "https://registry.npmjs.org/thenify/-/thenify-3.3.1.tgz"
  integrity sha512-RVZSIV5IG10Hk3enotrhvz0T9em6cyHBLkH/YAZuKqd8hRkKhSfCGIcP2KUY0EPxndzANBmNllzWPwak+bheSw==
  dependencies:
    any-promise "^1.0.0"

trough@^1.0.0:
  version "1.0.5"
  resolved "https://registry.npmjs.org/trough/-/trough-1.0.5.tgz"
  integrity sha512-rvuRbTarPXmMb79SmzEp8aqXNKcK+y0XaB298IXueQ8I2PsrATcPBCSPyK/dDNa2iWOhKlfNnOjdAOTBU/nkFA==

tslib@^1.13.0:
  version "1.14.1"
  resolved "https://registry.npmjs.org/tslib/-/tslib-1.14.1.tgz"
  integrity sha512-Xni35NKzjgMrwevysHTCArtLDpPvye8zV/0E4EyYn43P7/7qvQwPh9BGkHewbMulVntbigmcT7rdX3BNo9wRJg==

typeorm@^0.2.24:
  version "0.2.29"
  resolved "https://registry.npmjs.org/typeorm/-/typeorm-0.2.29.tgz"
  integrity sha512-ih1vrTe3gEAGKRcWlcsTRxTL7gNjacQE498wVGuJ3ZRujtMqPZlbAWuC7xDzWCRjQnkZYNwZQeG9UgKfxSHB5g==
  dependencies:
    "@sqltools/formatter" "1.2.2"
    app-root-path "^3.0.0"
    buffer "^5.5.0"
    chalk "^4.1.0"
    cli-highlight "^2.1.4"
    debug "^4.1.1"
    dotenv "^8.2.0"
    glob "^7.1.6"
    js-yaml "^3.14.0"
    mkdirp "^1.0.4"
    reflect-metadata "^0.1.13"
    sha.js "^2.4.11"
    tslib "^1.13.0"
    xml2js "^0.4.23"
    yargonaut "^1.1.2"
    yargs "^16.0.3"

typescript@^4.5.5:
  version "4.5.5"
  resolved "https://registry.yarnpkg.com/typescript/-/typescript-4.5.5.tgz#d8c953832d28924a9e3d37c73d729c846c5896f3"
  integrity sha512-TCTIul70LyWe6IJWT8QSYeA54WQe8EjQFU4wY52Fasj5UKx88LNYKCgBEHcOMOrFF1rKGbD8v/xcNWVUq9SymA==

unified@^9.0.0:
  version "9.2.0"
  resolved "https://registry.npmjs.org/unified/-/unified-9.2.0.tgz"
  integrity sha512-vx2Z0vY+a3YoTj8+pttM3tiJHCwY5UFbYdiWrwBEbHmK8pvsPj2rtAX2BFfgXen8T39CJWblWRDT4L5WGXtDdg==
  dependencies:
    bail "^1.0.0"
    extend "^3.0.0"
    is-buffer "^2.0.0"
    is-plain-obj "^2.0.0"
    trough "^1.0.0"
    vfile "^4.0.0"

unist-util-is@^4.0.0:
  version "4.0.3"
  resolved "https://registry.npmjs.org/unist-util-is/-/unist-util-is-4.0.3.tgz"
  integrity sha512-bTofCFVx0iQM8Jqb1TBDVRIQW03YkD3p66JOd/aCWuqzlLyUtx1ZAGw/u+Zw+SttKvSVcvTiKYbfrtLoLefykw==

unist-util-stringify-position@^2.0.0:
  version "2.0.3"
  resolved "https://registry.npmjs.org/unist-util-stringify-position/-/unist-util-stringify-position-2.0.3.tgz"
  integrity sha512-3faScn5I+hy9VleOq/qNbAd6pAx7iH5jYBMS9I1HgQVijz/4mv5Bvw5iw1sC/90CODiKo81G/ps8AJrISn687g==
  dependencies:
    "@types/unist" "^2.0.2"

unist-util-visit-parents@1.1.2:
  version "1.1.2"
  resolved "https://registry.npmjs.org/unist-util-visit-parents/-/unist-util-visit-parents-1.1.2.tgz"
  integrity sha512-yvo+MMLjEwdc3RhhPYSximset7rwjMrdt9E41Smmvg25UQIenzrN83cRnF1JMzoMi9zZOQeYXHSDf7p+IQkW3Q==

unist-util-visit-parents@^3.0.0:
  version "3.1.1"
  resolved "https://registry.npmjs.org/unist-util-visit-parents/-/unist-util-visit-parents-3.1.1.tgz"
  integrity sha512-1KROIZWo6bcMrZEwiH2UrXDyalAa0uqzWCxCJj6lPOvTve2WkfgCytoDTPaMnodXh1WrXOq0haVYHj99ynJlsg==
  dependencies:
    "@types/unist" "^2.0.0"
    unist-util-is "^4.0.0"

unist-util-visit@^2.0.0:
  version "2.0.3"
  resolved "https://registry.npmjs.org/unist-util-visit/-/unist-util-visit-2.0.3.tgz"
  integrity sha512-iJ4/RczbJMkD0712mGktuGpm/U4By4FfDonL7N/9tATGIF4imikjOuagyMY53tnZq3NP6BcmlrHhEKAfGWjh7Q==
  dependencies:
    "@types/unist" "^2.0.0"
    unist-util-is "^4.0.0"
    unist-util-visit-parents "^3.0.0"

use-subscription@1.5.1:
  version "1.5.1"
  resolved "https://registry.npmjs.org/use-subscription/-/use-subscription-1.5.1.tgz"
  integrity sha512-Xv2a1P/yReAjAbhylMfFplFKj9GssgTwN7RlcTxBujFQcloStWNDQdc4g4NRWH9xS4i/FDk04vQBptAXoF3VcA==
  dependencies:
    object-assign "^4.1.1"

vfile-message@^2.0.0:
  version "2.0.4"
  resolved "https://registry.npmjs.org/vfile-message/-/vfile-message-2.0.4.tgz"
  integrity sha512-DjssxRGkMvifUOJre00juHoP9DPWuzjxKuMDrhNbk2TdaYYBNMStsNhEOt3idrtI12VQYM/1+iM0KOzXi4pxwQ==
  dependencies:
    "@types/unist" "^2.0.0"
    unist-util-stringify-position "^2.0.0"

vfile@^4.0.0:
  version "4.2.0"
  resolved "https://registry.npmjs.org/vfile/-/vfile-4.2.0.tgz"
  integrity sha512-a/alcwCvtuc8OX92rqqo7PflxiCgXRFjdyoGVuYV+qbgCb0GgZJRvIgCD4+U/Kl1yhaRsaTwksF88xbPyGsgpw==
  dependencies:
    "@types/unist" "^2.0.0"
    is-buffer "^2.0.0"
    replace-ext "1.0.0"
    unist-util-stringify-position "^2.0.0"
    vfile-message "^2.0.0"

which-module@^2.0.0:
  version "2.0.0"
  resolved "https://registry.npmjs.org/which-module/-/which-module-2.0.0.tgz"
  integrity sha1-2e8H3Od7mQK4o6j6SzHD4/fm6Ho=

wrap-ansi@^6.2.0:
  version "6.2.0"
  resolved "https://registry.npmjs.org/wrap-ansi/-/wrap-ansi-6.2.0.tgz"
  integrity sha512-r6lPcBGxZXlIcymEu7InxDMhdW0KDxpLgoFLcguasxCaJ/SOIZwINatK9KY/tf+ZrlywOKU0UDj3ATXUBfxJXA==
  dependencies:
    ansi-styles "^4.0.0"
    string-width "^4.1.0"
    strip-ansi "^6.0.0"

wrap-ansi@^7.0.0:
  version "7.0.0"
  resolved "https://registry.npmjs.org/wrap-ansi/-/wrap-ansi-7.0.0.tgz"
  integrity sha512-YVGIj2kamLSTxw6NsZjoBxfSwsn0ycdesmc4p+Q21c5zPuZ1pl+NfxVdxPtdHvmNVOQ6XSYG4AUtyt/Fi7D16Q==
  dependencies:
    ansi-styles "^4.0.0"
    string-width "^4.1.0"
    strip-ansi "^6.0.0"

wrappy@1:
  version "1.0.2"
  resolved "https://registry.npmjs.org/wrappy/-/wrappy-1.0.2.tgz"
  integrity sha1-tSQ9jz7BqjXxNkYFvA0QNuMKtp8=

xml2js@^0.4.23:
  version "0.4.23"
  resolved "https://registry.npmjs.org/xml2js/-/xml2js-0.4.23.tgz"
  integrity sha512-ySPiMjM0+pLDftHgXY4By0uswI3SPKLDw/i3UXbnO8M/p28zqexCUoPmQFrYD+/1BzhGJSs2i1ERWKJAtiLrug==
  dependencies:
    sax ">=0.6.0"
    xmlbuilder "~11.0.0"

xmlbuilder@~11.0.0:
  version "11.0.1"
  resolved "https://registry.npmjs.org/xmlbuilder/-/xmlbuilder-11.0.1.tgz"
  integrity sha512-fDlsI/kFEx7gLvbecc0/ohLG50fugQp8ryHzMTuW9vSa1GJ0XYWKnhsUx7oie3G98+r56aTQIUB4kht42R3JvA==

xtend@^4.0.1:
  version "4.0.2"
  resolved "https://registry.npmjs.org/xtend/-/xtend-4.0.2.tgz"
  integrity sha512-LKYU1iAXJXUgAXn9URjiu+MWhyUXHsvfp7mcuYm9dSUKK0/CjtrUwFAxD82/mCWbtLsGjFIad0wIsod4zrTAEQ==

y18n@^4.0.0:
  version "4.0.0"
  resolved "https://registry.npmjs.org/y18n/-/y18n-4.0.0.tgz"
  integrity sha512-r9S/ZyXu/Xu9q1tYlpsLIsa3EeLXXk0VwlxqTcFRfg9EhMW+17kbt9G0NrgCmhGb5vT2hyhJZLfDGx+7+5Uj/w==

y18n@^5.0.2:
  version "5.0.5"
  resolved "https://registry.npmjs.org/y18n/-/y18n-5.0.5.tgz"
  integrity sha512-hsRUr4FFrvhhRH12wOdfs38Gy7k2FFzB9qgN9v3aLykRq0dRcdcpz5C9FxdS2NuhOrI/628b/KSTJ3rwHysYSg==

yargonaut@^1.1.2:
  version "1.1.4"
  resolved "https://registry.npmjs.org/yargonaut/-/yargonaut-1.1.4.tgz"
  integrity sha512-rHgFmbgXAAzl+1nngqOcwEljqHGG9uUZoPjsdZEs1w5JW9RXYzrSvH/u70C1JE5qFi0qjsdhnUX/dJRpWqitSA==
  dependencies:
    chalk "^1.1.1"
    figlet "^1.1.1"
    parent-require "^1.0.0"

yargs-parser@^18.1.2:
  version "18.1.3"
  resolved "https://registry.npmjs.org/yargs-parser/-/yargs-parser-18.1.3.tgz"
  integrity sha512-o50j0JeToy/4K6OZcaQmW6lyXXKhq7csREXcDwk2omFPJEwUNOVtJKvmDr9EI1fAJZUyZcRF7kxGBWmRXudrCQ==
  dependencies:
    camelcase "^5.0.0"
    decamelize "^1.2.0"

yargs-parser@^20.2.2:
  version "20.2.4"
  resolved "https://registry.npmjs.org/yargs-parser/-/yargs-parser-20.2.4.tgz"
  integrity sha512-WOkpgNhPTlE73h4VFAFsOnomJVaovO8VqLDzy5saChRBFQFBoMYirowyW+Q9HB4HFF4Z7VZTiG3iSzJJA29yRA==

yargs@^15.0.0:
  version "15.4.1"
  resolved "https://registry.npmjs.org/yargs/-/yargs-15.4.1.tgz"
  integrity sha512-aePbxDmcYW++PaqBsJ+HYUFwCdv4LVvdnhBy78E57PIor8/OVvhMrADFFEDh8DHDFRv/O9i3lPhsENjO7QX0+A==
  dependencies:
    cliui "^6.0.0"
    decamelize "^1.2.0"
    find-up "^4.1.0"
    get-caller-file "^2.0.1"
    require-directory "^2.1.1"
    require-main-filename "^2.0.0"
    set-blocking "^2.0.0"
    string-width "^4.2.0"
    which-module "^2.0.0"
    y18n "^4.0.0"
    yargs-parser "^18.1.2"

yargs@^16.0.3:
  version "16.1.0"
  resolved "https://registry.npmjs.org/yargs/-/yargs-16.1.0.tgz"
  integrity sha512-upWFJOmDdHN0syLuESuvXDmrRcWd1QafJolHskzaw79uZa7/x53gxQKiR07W59GWY1tFhhU/Th9DrtSfpS782g==
  dependencies:
    cliui "^7.0.2"
    escalade "^3.1.1"
    get-caller-file "^2.0.5"
    require-directory "^2.1.1"
    string-width "^4.2.0"
    y18n "^5.0.2"
    yargs-parser "^20.2.2"
